# This file is autogenerated, do not edit; changes may be undone by the next 'dep ensure'.


[[projects]]
  digest = "1:a3af33fd30536d9c5a7b6ad542390919e57c1125097a194c7b3d9904109a0611"
  name = "github.com/go-sql-driver/mysql"
  packages = ["."]
  pruneopts = "UT"
  revision = "17ef3dd9d98b69acec3e85878995ada9533a9370"
  version = "v1.5.0"

[[projects]]
  digest = "1:49ddc70f666da82675944a9eab97ff74b2ca8be8e71f7d0ff4cda2ab44a3762d"
  name = "github.com/jinzhu/gorm"
  packages = [
    ".",
    "dialects/mysql",
  ]
  pruneopts = "UT"
  revision = "7cc9c13f20d9d41d10a2bc2888271fd723c1a567"
  version = "v1.9.14"

[[projects]]
  digest = "1:01ed62f8f4f574d8aff1d88caee113700a2b44c42351943fa73cc1808f736a50"
  name = "github.com/jinzhu/inflection"
  packages = ["."]
  pruneopts = "UT"
  revision = "f5c5f50e6090ae76a29240b61ae2a90dd810112e"
  version = "v1.0.0"

[[projects]]
  digest = "1:deb26e8cfa396da98aff62cbd348b1d9a3127e86c60566c7c236675add5aa071"
  name = "github.com/labstack/echo"
  packages = ["."]
  pruneopts = "UT"
  revision = "6e7c7cea03c4ac9d551c98d92fc4168888b8e2d5"
  version = "v4.1.16"

[[projects]]
  digest = "1:9bc108827ac1d8783dea294f1ef07732fa4ca7d6e20518c04888a85828eba4ce"
  name = "github.com/labstack/gommon"
  packages = [
    "color",
    "log",
  ]
  pruneopts = "UT"
  revision = "4919956f6fb227b548f004da27c7c6b20fba499f"
  version = "v0.3.0"

[[projects]]
  digest = "1:864f9b9a3bc9255934cbb5e94d5f761d726085894915403289fbae6fb3415f98"
  name = "github.com/mattn/go-colorable"
  packages = ["."]
  pruneopts = "UT"
  revision = "f6c00982823144337e56cdb71c712eaac151d29c"
  version = "v0.1.7"

[[projects]]
  digest = "1:0c58d31abe2a2ccb429c559b6292e7df89dcda675456fecc282fa90aa08273eb"
  name = "github.com/mattn/go-isatty"
  packages = ["."]
  pruneopts = "UT"
  revision = "7b513a986450394f7bbf1476909911b3aa3a55ce"
  version = "v0.0.12"

[[projects]]
  digest = "1:c468422f334a6b46a19448ad59aaffdfc0a36b08fdcc1c749a0b29b6453d7e59"
  name = "github.com/valyala/bytebufferpool"
  packages = ["."]
  pruneopts = "UT"
  revision = "e746df99fe4a3986f4d4f79e13c1e0117ce9c2f7"
  version = "v1.0.0"

[[projects]]
  digest = "1:8c79617a0e6240723981f7a6724f06c0b9dc80e040a500c082b51b5946e39579"
  name = "github.com/valyala/fasttemplate"
  packages = ["."]
  pruneopts = "UT"
  revision = "05015c3ec18b8e273134e723a9d4fedee5849cd1"
  version = "v1.1.1"

[[projects]]
  branch = "master"
  digest = "1:9a9cf26f20c88b890e03544ed6fc8b04f59f6d618e32a4de2b4b23f61d344580"
  name = "golang.org/x/crypto"
  packages = [
    "acme",
    "acme/autocert",
  ]
  pruneopts = "UT"
  revision = "75b288015ac94e66e3d6715fb68a9b41bf046ec2"

[[projects]]
  branch = "master"
  digest = "1:3bf4361d92528e4b1e2fc451e2037adb56795b4184414f2d341dfed58fbe2003"
  name = "golang.org/x/net"
  packages = [
    "http/httpguts",
    "http2",
    "http2/h2c",
    "http2/hpack",
    "idna",
  ]
  pruneopts = "UT"
  revision = "4c5254603344ea4a8ae4bed7e296a9588303e14f"

[[projects]]
  branch = "master"
  digest = "1:de18db9b6b884884bbb43eafaee3c72a06c8d4ac69d87411c52b5801a5e814f7"
  name = "golang.org/x/sys"
  packages = [
    "internal/unsafeheader",
    "unix",
  ]
  pruneopts = "UT"
  revision = "ddb9806d33aed8dbaac1cd6f1cba58952e87f933"

[[projects]]
  digest = "1:fa940333c48808b0d86ef21f412ffcfd0e5084a82f13905c028a404803b1908f"
  name = "golang.org/x/text"
  packages = [
    "collate",
    "collate/build",
    "internal/colltab",
    "internal/gen",
    "internal/language",
    "internal/language/compact",
    "internal/tag",
    "internal/triegen",
    "internal/ucd",
    "language",
    "secure/bidirule",
    "transform",
    "unicode/bidi",
    "unicode/cldr",
    "unicode/norm",
    "unicode/rangetable",
  ]
  pruneopts = "UT"
  revision = "23ae387dee1f90d29a23c0e87ee0b46038fbed0e"
  version = "v0.3.3"

[solve-meta]
  analyzer-name = "dep"
  analyzer-version = 1
  input-imports = [
    "github.com/jinzhu/gorm",
    "github.com/jinzhu/gorm/dialects/mysql",
    "github.com/labstack/echo",
  ]
  solver-name = "gps-cdcl"
  solver-version = 1
